// !$*UTF8*$!
{
	archiveVersion = 1;
	classes = {
	};
	objectVersion = 56;
	objects = {

/* Begin PBXBuildFile section */
		64722E392B72F86C00C5F8A1 /* task.swift in Sources */ = {isa = PBXBuildFile; fileRef = 64722E382B72F86C00C5F8A1 /* task.swift */; };
		6496D4E32B6AED9B00076917 /* se_labs_macosTests.swift in Sources */ = {isa = PBXBuildFile; fileRef = 6496D4E22B6AED9B00076917 /* se_labs_macosTests.swift */; };
		85B5FE4F2B697ED0003AD2EB /* se_labs_macosApp.swift in Sources */ = {isa = PBXBuildFile; fileRef = 85B5FE4E2B697ED0003AD2EB /* se_labs_macosApp.swift */; };
		85B5FE512B697ED0003AD2EB /* Main.swift in Sources */ = {isa = PBXBuildFile; fileRef = 85B5FE502B697ED0003AD2EB /* Main.swift */; };
		85B5FE532B697ED1003AD2EB /* Assets.xcassets in Resources */ = {isa = PBXBuildFile; fileRef = 85B5FE522B697ED1003AD2EB /* Assets.xcassets */; };
		85B5FE562B697ED1003AD2EB /* Preview Assets.xcassets in Resources */ = {isa = PBXBuildFile; fileRef = 85B5FE552B697ED1003AD2EB /* Preview Assets.xcassets */; };
		85F23D5C2B69988800BDED07 /* FirstLab.swift in Sources */ = {isa = PBXBuildFile; fileRef = 85F23D5B2B69988800BDED07 /* FirstLab.swift */; };
		85F23D5E2B69989F00BDED07 /* SecondLab.swift in Sources */ = {isa = PBXBuildFile; fileRef = 85F23D5D2B69989F00BDED07 /* SecondLab.swift */; };
/* End PBXBuildFile section */

/* Begin PBXContainerItemProxy section */
		6496D4E42B6AED9B00076917 /* PBXContainerItemProxy */ = {
			isa = PBXContainerItemProxy;
			containerPortal = 85B5FE432B697ED0003AD2EB /* Project object */;
			proxyType = 1;
			remoteGlobalIDString = 85B5FE4A2B697ED0003AD2EB;
			remoteInfo = se_labs_macos;
		};
/* End PBXContainerItemProxy section */

/* Begin PBXFileReference section */
		64722E382B72F86C00C5F8A1 /* task.swift */ = {isa = PBXFileReference; lastKnownFileType = sourcecode.swift; path = task.swift; sourceTree = "<group>"; };
		6496D4E02B6AED9B00076917 /* se_labs_macosTests.xctest */ = {isa = PBXFileReference; explicitFileType = wrapper.cfbundle; includeInIndex = 0; path = se_labs_macosTests.xctest; sourceTree = BUILT_PRODUCTS_DIR; };
		6496D4E22B6AED9B00076917 /* se_labs_macosTests.swift */ = {isa = PBXFileReference; lastKnownFileType = sourcecode.swift; path = se_labs_macosTests.swift; sourceTree = "<group>"; };
		85B5FE4B2B697ED0003AD2EB /* se_labs_macos.app */ = {isa = PBXFileReference; explicitFileType = wrapper.application; includeInIndex = 0; path = se_labs_macos.app; sourceTree = BUILT_PRODUCTS_DIR; };
		85B5FE4E2B697ED0003AD2EB /* se_labs_macosApp.swift */ = {isa = PBXFileReference; lastKnownFileType = sourcecode.swift; path = se_labs_macosApp.swift; sourceTree = "<group>"; };
		85B5FE502B697ED0003AD2EB /* Main.swift */ = {isa = PBXFileReference; lastKnownFileType = sourcecode.swift; path = Main.swift; sourceTree = "<group>"; };
		85B5FE522B697ED1003AD2EB /* Assets.xcassets */ = {isa = PBXFileReference; lastKnownFileType = folder.assetcatalog; path = Assets.xcassets; sourceTree = "<group>"; };
		85B5FE552B697ED1003AD2EB /* Preview Assets.xcassets */ = {isa = PBXFileReference; lastKnownFileType = folder.assetcatalog; path = "Preview Assets.xcassets"; sourceTree = "<group>"; };
		85B5FE572B697ED1003AD2EB /* se_labs_macos.entitlements */ = {isa = PBXFileReference; lastKnownFileType = text.plist.entitlements; path = se_labs_macos.entitlements; sourceTree = "<group>"; };
		85F23D5B2B69988800BDED07 /* FirstLab.swift */ = {isa = PBXFileReference; lastKnownFileType = sourcecode.swift; path = FirstLab.swift; sourceTree = "<group>"; };
		85F23D5D2B69989F00BDED07 /* SecondLab.swift */ = {isa = PBXFileReference; lastKnownFileType = sourcecode.swift; path = SecondLab.swift; sourceTree = "<group>"; };
/* End PBXFileReference section */

/* Begin PBXFrameworksBuildPhase section */
		6496D4DD2B6AED9B00076917 /* Frameworks */ = {
			isa = PBXFrameworksBuildPhase;
			buildActionMask = 2147483647;
			files = (
			);
			runOnlyForDeploymentPostprocessing = 0;
		};
		85B5FE482B697ED0003AD2EB /* Frameworks */ = {
			isa = PBXFrameworksBuildPhase;
			buildActionMask = 2147483647;
			files = (
			);
			runOnlyForDeploymentPostprocessing = 0;
		};
/* End PBXFrameworksBuildPhase section */

/* Begin PBXGroup section */
		64722E372B72F7BF00C5F8A1 /* Recovered References */ = {
			isa = PBXGroup;
			children = (
				85F23D5D2B69989F00BDED07 /* SecondLab.swift */,
				85F23D5B2B69988800BDED07 /* FirstLab.swift */,
			);
			name = "Recovered References";
			sourceTree = "<group>";
		};
		64722E3A2B72FCCC00C5F8A1 /* infra */ = {
			isa = PBXGroup;
			children = (
			);
			path = infra;
			sourceTree = "<group>";
		};
		6496D4E12B6AED9B00076917 /* se_labs_macosTests */ = {
			isa = PBXGroup;
			children = (
				6496D4E22B6AED9B00076917 /* se_labs_macosTests.swift */,
			);
			path = se_labs_macosTests;
			sourceTree = "<group>";
		};
		64B5116D2B69971E00A4A637 /* domain */ = {
			isa = PBXGroup;
			children = (
				64722E382B72F86C00C5F8A1 /* task.swift */,
			);
			path = domain;
			sourceTree = "<group>";
		};
		85B5FE422B697ED0003AD2EB = {
			isa = PBXGroup;
			children = (
				85B5FE4D2B697ED0003AD2EB /* se_labs_macos */,
				6496D4E12B6AED9B00076917 /* se_labs_macosTests */,
				85B5FE4C2B697ED0003AD2EB /* Products */,
				64722E372B72F7BF00C5F8A1 /* Recovered References */,
			);
			sourceTree = "<group>";
		};
		85B5FE4C2B697ED0003AD2EB /* Products */ = {
			isa = PBXGroup;
			children = (
				85B5FE4B2B697ED0003AD2EB /* se_labs_macos.app */,
				6496D4E02B6AED9B00076917 /* se_labs_macosTests.xctest */,
			);
			name = Products;
			sourceTree = "<group>";
		};
		85B5FE4D2B697ED0003AD2EB /* se_labs_macos */ = {
			isa = PBXGroup;
			children = (
				64722E3A2B72FCCC00C5F8A1 /* infra */,
				64B5116D2B69971E00A4A637 /* domain */,
				85B5FE4E2B697ED0003AD2EB /* se_labs_macosApp.swift */,
				85B5FE502B697ED0003AD2EB /* Main.swift */,
				85B5FE522B697ED1003AD2EB /* Assets.xcassets */,
				85B5FE572B697ED1003AD2EB /* se_labs_macos.entitlements */,
				85B5FE542B697ED1003AD2EB /* Preview Content */,
			);
			path = se_labs_macos;
			sourceTree = "<group>";
		};
		85B5FE542B697ED1003AD2EB /* Preview Content */ = {
			isa = PBXGroup;
			children = (
				85B5FE552B697ED1003AD2EB /* Preview Assets.xcassets */,
			);
			path = "Preview Content";
			sourceTree = "<group>";
		};
/* End PBXGroup section */

/* Begin PBXNativeTarget section */
		6496D4DF2B6AED9B00076917 /* se_labs_macosTests */ = {
			isa = PBXNativeTarget;
			buildConfigurationList = 6496D4E82B6AED9B00076917 /* Build configuration list for PBXNativeTarget "se_labs_macosTests" */;
			buildPhases = (
				6496D4DC2B6AED9B00076917 /* Sources */,
				6496D4DD2B6AED9B00076917 /* Frameworks */,
				6496D4DE2B6AED9B00076917 /* Resources */,
			);
			buildRules = (
			);
			dependencies = (
				6496D4E52B6AED9B00076917 /* PBXTargetDependency */,
			);
			name = se_labs_macosTests;
			productName = se_labs_macosTests;
			productReference = 6496D4E02B6AED9B00076917 /* se_labs_macosTests.xctest */;
			productType = "com.apple.product-type.bundle.unit-test";
		};
		85B5FE4A2B697ED0003AD2EB /* se_labs_macos */ = {
			isa = PBXNativeTarget;
			buildConfigurationList = 85B5FE5A2B697ED1003AD2EB /* Build configuration list for PBXNativeTarget "se_labs_macos" */;
			buildPhases = (
				85B5FE472B697ED0003AD2EB /* Sources */,
				85B5FE482B697ED0003AD2EB /* Frameworks */,
				85B5FE492B697ED0003AD2EB /* Resources */,
			);
			buildRules = (
			);
			dependencies = (
			);
			name = se_labs_macos;
			productName = se_labs_macos;
			productReference = 85B5FE4B2B697ED0003AD2EB /* se_labs_macos.app */;
			productType = "com.apple.product-type.application";
		};
/* End PBXNativeTarget section */

/* Begin PBXProject section */
		85B5FE432B697ED0003AD2EB /* Project object */ = {
			isa = PBXProject;
			attributes = {
				BuildIndependentTargetsInParallel = 1;
				LastSwiftUpdateCheck = 1520;
				LastUpgradeCheck = 1500;
				TargetAttributes = {
					6496D4DF2B6AED9B00076917 = {
						CreatedOnToolsVersion = 15.2;
						TestTargetID = 85B5FE4A2B697ED0003AD2EB;
					};
					85B5FE4A2B697ED0003AD2EB = {
						CreatedOnToolsVersion = 15.0;
					};
				};
			};
			buildConfigurationList = 85B5FE462B697ED0003AD2EB /* Build configuration list for PBXProject "se_labs_macos" */;
			compatibilityVersion = "Xcode 14.0";
			developmentRegion = en;
			hasScannedForEncodings = 0;
			knownRegions = (
				en,
				Base,
			);
			mainGroup = 85B5FE422B697ED0003AD2EB;
			productRefGroup = 85B5FE4C2B697ED0003AD2EB /* Products */;
			projectDirPath = "";
			projectRoot = "";
			targets = (
				85B5FE4A2B697ED0003AD2EB /* se_labs_macos */,
				6496D4DF2B6AED9B00076917 /* se_labs_macosTests */,
			);
		};
/* End PBXProject section */

/* Begin PBXResourcesBuildPhase section */
		6496D4DE2B6AED9B00076917 /* Resources */ = {
			isa = PBXResourcesBuildPhase;
			buildActionMask = 2147483647;
			files = (
			);
			runOnlyForDeploymentPostprocessing = 0;
		};
		85B5FE492B697ED0003AD2EB /* Resources */ = {
			isa = PBXResourcesBuildPhase;
			buildActionMask = 2147483647;
			files = (
				85B5FE562B697ED1003AD2EB /* Preview Assets.xcassets in Resources */,
				85B5FE532B697ED1003AD2EB /* Assets.xcassets in Resources */,
			);
			runOnlyForDeploymentPostprocessing = 0;
		};
/* End PBXResourcesBuildPhase section */

/* Begin PBXSourcesBuildPhase section */
		6496D4DC2B6AED9B00076917 /* Sources */ = {
			isa = PBXSourcesBuildPhase;
			buildActionMask = 2147483647;
			files = (
				6496D4E32B6AED9B00076917 /* se_labs_macosTests.swift in Sources */,
			);
			runOnlyForDeploymentPostprocessing = 0;
		};
		85B5FE472B697ED0003AD2EB /* Sources */ = {
			isa = PBXSourcesBuildPhase;
			buildActionMask = 2147483647;
			files = (
				85B5FE512B697ED0003AD2EB /* Main.swift in Sources */,
				85F23D5E2B69989F00BDED07 /* SecondLab.swift in Sources */,
				85F23D5C2B69988800BDED07 /* FirstLab.swift in Sources */,
				85B5FE4F2B697ED0003AD2EB /* se_labs_macosApp.swift in Sources */,
				64722E392B72F86C00C5F8A1 /* task.swift in Sources */,
			);
			runOnlyForDeploymentPostprocessing = 0;
		};
/* End PBXSourcesBuildPhase section */

/* Begin PBXTargetDependency section */
		6496D4E52B6AED9B00076917 /* PBXTargetDependency */ = {
			isa = PBXTargetDependency;
			target = 85B5FE4A2B697ED0003AD2EB /* se_labs_macos */;
			targetProxy = 6496D4E42B6AED9B00076917 /* PBXContainerItemProxy */;
		};
/* End PBXTargetDependency section */

/* Begin XCBuildConfiguration section */
		6496D4E62B6AED9B00076917 /* Debug */ = {
			isa = XCBuildConfiguration;
			buildSettings = {
				BUNDLE_LOADER = "$(TEST_HOST)";
				CODE_SIGN_STYLE = Automatic;
				CURRENT_PROJECT_VERSION = 1;
				DEVELOPMENT_TEAM = DZND9MB5XG;
				GENERATE_INFOPLIST_FILE = YES;
				MACOSX_DEPLOYMENT_TARGET = 14.1;
				MARKETING_VERSION = 1.0;
				PRODUCT_BUNDLE_IDENTIFIER = "com.circle.se-labs-macosTests";
				PRODUCT_NAME = "$(TARGET_NAME)";
				SWIFT_EMIT_LOC_STRINGS = NO;
				SWIFT_VERSION = 5.0;
				TEST_HOST = "$(BUILT_PRODUCTS_DIR)/se_labs_macos.app/$(BUNDLE_EXECUTABLE_FOLDER_PATH)/se_labs_macos";
			};
			name = Debug;
		};
		6496D4E72B6AED9B00076917 /* Release */ = {
			isa = XCBuildConfiguration;
			buildSettings = {
				BUNDLE_LOADER = "$(TEST_HOST)";
				CODE_SIGN_STYLE = Automatic;
				CURRENT_PROJECT_VERSION = 1;
				DEVELOPMENT_TEAM = DZND9MB5XG;
				GENERATE_INFOPLIST_FILE = YES;
				MACOSX_DEPLOYMENT_TARGET = 14.1;
				MARKETING_VERSION = 1.0;
				PRODUCT_BUNDLE_IDENTIFIER = "com.circle.se-labs-macosTests";
				PRODUCT_NAME = "$(TARGET_NAME)";
				SWIFT_EMIT_LOC_STRINGS = NO;
				SWIFT_VERSION = 5.0;
				TEST_HOST = "$(BUILT_PRODUCTS_DIR)/se_labs_macos.app/$(BUNDLE_EXECUTABLE_FOLDER_PATH)/se_labs_macos";
			};
			name = Release;
		};
		85B5FE582B697ED1003AD2EB /* Debug */ = {
			isa = XCBuildConfiguration;
			buildSettings = {
				ALWAYS_SEARCH_USER_PATHS = NO;
				ASSETCATALOG_COMPILER_GENERATE_SWIFT_ASSET_SYMBOL_EXTENSIONS = YES;
				CLANG_ANALYZER_NONNULL = YES;
				CLANG_ANALYZER_NUMBER_OBJECT_CONVERSION = YES_AGGRESSIVE;
				CLANG_CXX_LANGUAGE_STANDARD = "gnu++20";
				CLANG_ENABLE_MODULES = YES;
				CLANG_ENABLE_OBJC_ARC = YES;
				CLANG_ENABLE_OBJC_WEAK = YES;
				CLANG_WARN_BLOCK_CAPTURE_AUTORELEASING = YES;
				CLANG_WARN_BOOL_CONVERSION = YES;
				CLANG_WARN_COMMA = YES;
				CLANG_WARN_CONSTANT_CONVERSION = YES;
				CLANG_WARN_DEPRECATED_OBJC_IMPLEMENTATIONS = YES;
				CLANG_WARN_DIRECT_OBJC_ISA_USAGE = YES_ERROR;
				CLANG_WARN_DOCUMENTATION_COMMENTS = YES;
				CLANG_WARN_EMPTY_BODY = YES;
				CLANG_WARN_ENUM_CONVERSION = YES;
				CLANG_WARN_INFINITE_RECURSION = YES;
				CLANG_WARN_INT_CONVERSION = YES;
				CLANG_WARN_NON_LITERAL_NULL_CONVERSION = YES;
				CLANG_WARN_OBJC_IMPLICIT_RETAIN_SELF = YES;
				CLANG_WARN_OBJC_LITERAL_CONVERSION = YES;
				CLANG_WARN_OBJC_ROOT_CLASS = YES_ERROR;
				CLANG_WARN_QUOTED_INCLUDE_IN_FRAMEWORK_HEADER = YES;
				CLANG_WARN_RANGE_LOOP_ANALYSIS = YES;
				CLANG_WARN_STRICT_PROTOTYPES = YES;
				CLANG_WARN_SUSPICIOUS_MOVE = YES;
				CLANG_WARN_UNGUARDED_AVAILABILITY = YES_AGGRESSIVE;
				CLANG_WARN_UNREACHABLE_CODE = YES;
				CLANG_WARN__DUPLICATE_METHOD_MATCH = YES;
				COPY_PHASE_STRIP = NO;
				DEBUG_INFORMATION_FORMAT = dwarf;
				ENABLE_STRICT_OBJC_MSGSEND = YES;
				ENABLE_TESTABILITY = YES;
				ENABLE_USER_SCRIPT_SANDBOXING = YES;
				GCC_C_LANGUAGE_STANDARD = gnu17;
				GCC_DYNAMIC_NO_PIC = NO;
				GCC_NO_COMMON_BLOCKS = YES;
				GCC_OPTIMIZATION_LEVEL = 0;
				GCC_PREPROCESSOR_DEFINITIONS = (
					"DEBUG=1",
					"$(inherited)",
				);
				GCC_WARN_64_TO_32_BIT_CONVERSION = YES;
				GCC_WARN_ABOUT_RETURN_TYPE = YES_ERROR;
				GCC_WARN_UNDECLARED_SELECTOR = YES;
				GCC_WARN_UNINITIALIZED_AUTOS = YES_AGGRESSIVE;
				GCC_WARN_UNUSED_FUNCTION = YES;
				GCC_WARN_UNUSED_VARIABLE = YES;
				LOCALIZATION_PREFERS_STRING_CATALOGS = YES;
				MACOSX_DEPLOYMENT_TARGET = 14.0;
				MTL_ENABLE_DEBUG_INFO = INCLUDE_SOURCE;
				MTL_FAST_MATH = YES;
				ONLY_ACTIVE_ARCH = YES;
				SDKROOT = macosx;
				SWIFT_ACTIVE_COMPILATION_CONDITIONS = "DEBUG $(inherited)";
				SWIFT_OPTIMIZATION_LEVEL = "-Onone";
			};
			name = Debug;
		};
		85B5FE592B697ED1003AD2EB /* Release */ = {
			isa = XCBuildConfiguration;
			buildSettings = {
				ALWAYS_SEARCH_USER_PATHS = NO;
				ASSETCATALOG_COMPILER_GENERATE_SWIFT_ASSET_SYMBOL_EXTENSIONS = YES;
				CLANG_ANALYZER_NONNULL = YES;
				CLANG_ANALYZER_NUMBER_OBJECT_CONVERSION = YES_AGGRESSIVE;
				CLANG_CXX_LANGUAGE_STANDARD = "gnu++20";
				CLANG_ENABLE_MODULES = YES;
				CLANG_ENABLE_OBJC_ARC = YES;
				CLANG_ENABLE_OBJC_WEAK = YES;
				CLANG_WARN_BLOCK_CAPTURE_AUTORELEASING = YES;
				CLANG_WARN_BOOL_CONVERSION = YES;
				CLANG_WARN_COMMA = YES;
				CLANG_WARN_CONSTANT_CONVERSION = YES;
				CLANG_WARN_DEPRECATED_OBJC_IMPLEMENTATIONS = YES;
				CLANG_WARN_DIRECT_OBJC_ISA_USAGE = YES_ERROR;
				CLANG_WARN_DOCUMENTATION_COMMENTS = YES;
				CLANG_WARN_EMPTY_BODY = YES;
				CLANG_WARN_ENUM_CONVERSION = YES;
				CLANG_WARN_INFINITE_RECURSION = YES;
				CLANG_WARN_INT_CONVERSION = YES;
				CLANG_WARN_NON_LITERAL_NULL_CONVERSION = YES;
				CLANG_WARN_OBJC_IMPLICIT_RETAIN_SELF = YES;
				CLANG_WARN_OBJC_LITERAL_CONVERSION = YES;
				CLANG_WARN_OBJC_ROOT_CLASS = YES_ERROR;
				CLANG_WARN_QUOTED_INCLUDE_IN_FRAMEWORK_HEADER = YES;
				CLANG_WARN_RANGE_LOOP_ANALYSIS = YES;
				CLANG_WARN_STRICT_PROTOTYPES = YES;
				CLANG_WARN_SUSPICIOUS_MOVE = YES;
				CLANG_WARN_UNGUARDED_AVAILABILITY = YES_AGGRESSIVE;
				CLANG_WARN_UNREACHABLE_CODE = YES;
				CLANG_WARN__DUPLICATE_METHOD_MATCH = YES;
				COPY_PHASE_STRIP = NO;
				DEBUG_INFORMATION_FORMAT = "dwarf-with-dsym";
				ENABLE_NS_ASSERTIONS = NO;
				ENABLE_STRICT_OBJC_MSGSEND = YES;
				ENABLE_USER_SCRIPT_SANDBOXING = YES;
				GCC_C_LANGUAGE_STANDARD = gnu17;
				GCC_NO_COMMON_BLOCKS = YES;
				GCC_WARN_64_TO_32_BIT_CONVERSION = YES;
				GCC_WARN_ABOUT_RETURN_TYPE = YES_ERROR;
				GCC_WARN_UNDECLARED_SELECTOR = YES;
				GCC_WARN_UNINITIALIZED_AUTOS = YES_AGGRESSIVE;
				GCC_WARN_UNUSED_FUNCTION = YES;
				GCC_WARN_UNUSED_VARIABLE = YES;
				LOCALIZATION_PREFERS_STRING_CATALOGS = YES;
				MACOSX_DEPLOYMENT_TARGET = 14.0;
				MTL_ENABLE_DEBUG_INFO = NO;
				MTL_FAST_MATH = YES;
				SDKROOT = macosx;
				SWIFT_COMPILATION_MODE = wholemodule;
			};
			name = Release;
		};
		85B5FE5B2B697ED1003AD2EB /* Debug */ = {
			isa = XCBuildConfiguration;
			buildSettings = {
				ASSETCATALOG_COMPILER_APPICON_NAME = AppIcon;
				ASSETCATALOG_COMPILER_GLOBAL_ACCENT_COLOR_NAME = AccentColor;
				CODE_SIGN_ENTITLEMENTS = se_labs_macos/se_labs_macos.entitlements;
				CODE_SIGN_STYLE = Automatic;
				COMBINE_HIDPI_IMAGES = YES;
				CURRENT_PROJECT_VERSION = 1;
				DEVELOPMENT_ASSET_PATHS = "\"se_labs_macos/Preview Content\"";
				ENABLE_PREVIEWS = YES;
				GENERATE_INFOPLIST_FILE = YES;
				INFOPLIST_KEY_NSHumanReadableCopyright = "";
				LD_RUNPATH_SEARCH_PATHS = (
					"$(inherited)",
					"@executable_path/../Frameworks",
				);
				MARKETING_VERSION = 1.0;
				PRODUCT_BUNDLE_IDENTIFIER = "test.se-labs-macos";
				PRODUCT_NAME = "$(TARGET_NAME)";
				SWIFT_EMIT_LOC_STRINGS = YES;
				SWIFT_VERSION = 5.0;
			};
			name = Debug;
		};
		85B5FE5C2B697ED1003AD2EB /* Release */ = {
			isa = XCBuildConfiguration;
			buildSettings = {
				ASSETCATALOG_COMPILER_APPICON_NAME = AppIcon;
				ASSETCATALOG_COMPILER_GLOBAL_ACCENT_COLOR_NAME = AccentColor;
				CODE_SIGN_ENTITLEMENTS = se_labs_macos/se_labs_macos.entitlements;
				CODE_SIGN_STYLE = Automatic;
				COMBINE_HIDPI_IMAGES = YES;
				CURRENT_PROJECT_VERSION = 1;
				DEVELOPMENT_ASSET_PATHS = "\"se_labs_macos/Preview Content\"";
				ENABLE_PREVIEWS = YES;
				GENERATE_INFOPLIST_FILE = YES;
				INFOPLIST_KEY_NSHumanReadableCopyright = "";
				LD_RUNPATH_SEARCH_PATHS = (
					"$(inherited)",
					"@executable_path/../Frameworks",
				);
				MARKETING_VERSION = 1.0;
				PRODUCT_BUNDLE_IDENTIFIER = "test.se-labs-macos";
				PRODUCT_NAME = "$(TARGET_NAME)";
				SWIFT_EMIT_LOC_STRINGS = YES;
				SWIFT_VERSION = 5.0;
			};
			name = Release;
		};
/* End XCBuildConfiguration section */

/* Begin XCConfigurationList section */
		6496D4E82B6AED9B00076917 /* Build configuration list for PBXNativeTarget "se_labs_macosTests" */ = {
			isa = XCConfigurationList;
			buildConfigurations = (
				6496D4E62B6AED9B00076917 /* Debug */,
				6496D4E72B6AED9B00076917 /* Release */,
			);
			defaultConfigurationIsVisible = 0;
			defaultConfigurationName = Release;
		};
		85B5FE462B697ED0003AD2EB /* Build configuration list for PBXProject "se_labs_macos" */ = {
			isa = XCConfigurationList;
			buildConfigurations = (
				85B5FE582B697ED1003AD2EB /* Debug */,
				85B5FE592B697ED1003AD2EB /* Release */,
			);
			defaultConfigurationIsVisible = 0;
			defaultConfigurationName = Release;
		};
		85B5FE5A2B697ED1003AD2EB /* Build configuration list for PBXNativeTarget "se_labs_macos" */ = {
			isa = XCConfigurationList;
			buildConfigurations = (
				85B5FE5B2B697ED1003AD2EB /* Debug */,
				85B5FE5C2B697ED1003AD2EB /* Release */,
			);
			defaultConfigurationIsVisible = 0;
			defaultConfigurationName = Release;
		};
/* End XCConfigurationList section */
	};
	rootObject = 85B5FE432B697ED0003AD2EB /* Project object */;
}
